
Microsoft Visual Studio Solution File, Format Version 12.00
# Visual Studio 15
VisualStudioVersion = 15.0.27130.2020
MinimumVisualStudioVersion = 10.0.40219.1
Project("{FAE04EC0-301F-11D3-BF4B-00C04F79EFBC}") = "ProtagonistCompiler", "ProtagonistCompiler\ProtagonistCompiler.csproj", "{4544629A-B907-4431-A0C2-14166E649BBC}"
EndProject
Global
	GlobalSection(SolutionConfigurationPlatforms) = preSolution
		Debug|Any CPU = Debug|Any CPU
		Release|Any CPU = Release|Any CPU
	EndGlobalSection
	GlobalSection(ProjectConfigurationPlatforms) = postSolution
		{4544629A-B907-4431-A0C2-14166E649BBC}.Debug|Any CPU.ActiveCfg = Debug|Any CPU
		{4544629A-B907-4431-A0C2-14166E649BBC}.Debug|Any CPU.Build.0 = Debug|Any CPU
		{4544629A-B907-4431-A0C2-14166E649BBC}.Release|Any CPU.ActiveCfg = Release|Any CPU
		{4544629A-B907-4431-A0C2-14166E649BBC}.Release|Any CPU.Build.0 = Release|Any CPU
	EndGlobalSection
	GlobalSection(SolutionProperties) = preSolution
		HideSolutionNode = FALSE
	EndGlobalSection
	GlobalSection(ExtensibilityGlobals) = postSolution
		SolutionGuid = {ABE1ED13-9370-4CD8-B20F-972CF3A6997E}
	EndGlobalSection
EndGlobal
