
Microsoft Visual Studio Solution File, Format Version 12.00
# Visual Studio 2017
Project("{FAE04EC0-301F-11D3-BF4B-00C04F79EFBC}") = "Protagonist", "Protagonist.csproj", "{7C710791-2EFB-3A72-B855-1E1369FE3322}"
EndProject
Global
	GlobalSection(SolutionConfigurationPlatforms) = preSolution
		Debug|Any CPU = Debug|Any CPU
		Release|Any CPU = Release|Any CPU
	EndGlobalSection
	GlobalSection(ProjectConfigurationPlatforms) = postSolution
		{7C710791-2EFB-3A72-B855-1E1369FE3322}.Debug|Any CPU.ActiveCfg = Debug|Any CPU
		{7C710791-2EFB-3A72-B855-1E1369FE3322}.Debug|Any CPU.Build.0 = Debug|Any CPU
		{7C710791-2EFB-3A72-B855-1E1369FE3322}.Release|Any CPU.ActiveCfg = Release|Any CPU
		{7C710791-2EFB-3A72-B855-1E1369FE3322}.Release|Any CPU.Build.0 = Release|Any CPU
	EndGlobalSection
	GlobalSection(SolutionProperties) = preSolution
		HideSolutionNode = FALSE
	EndGlobalSection
EndGlobal
