
Microsoft Visual Studio Solution File, Format Version 12.00
# Visual Studio 15
Project("{FAE04EC0-301F-11D3-BF4B-00C04F79EFBC}") = "Assembly-CSharp", "Assembly-CSharp.csproj", "{FA3EE4DA-3E57-1A5D-9CE0-27B7B5880C27}"
EndProject
Global
	GlobalSection(SolutionConfigurationPlatforms) = preSolution
		Debug|Any CPU = Debug|Any CPU
		Release|Any CPU = Release|Any CPU
	EndGlobalSection
	GlobalSection(ProjectConfigurationPlatforms) = postSolution
		{FA3EE4DA-3E57-1A5D-9CE0-27B7B5880C27}.Debug|Any CPU.ActiveCfg = Debug|Any CPU
		{FA3EE4DA-3E57-1A5D-9CE0-27B7B5880C27}.Debug|Any CPU.Build.0 = Debug|Any CPU
		{FA3EE4DA-3E57-1A5D-9CE0-27B7B5880C27}.Release|Any CPU.ActiveCfg = Release|Any CPU
		{FA3EE4DA-3E57-1A5D-9CE0-27B7B5880C27}.Release|Any CPU.Build.0 = Release|Any CPU
	EndGlobalSection
	GlobalSection(SolutionProperties) = preSolution
		HideSolutionNode = FALSE
	EndGlobalSection
EndGlobal
